
Microsoft Visual Studio Solution File, Format Version 12.00
# Visual Studio Version 17
VisualStudioVersion = 17.2.32505.173
MinimumVisualStudioVersion = 10.0.40219.1
Project("{FAE04EC0-301F-11D3-BF4B-00C04F79EFBC}") = "basicApi", "basicApi\basicApi.csproj", "{D1E2FF68-21C4-44FE-8286-7C4FA65275E4}"
EndProject
Global
	GlobalSection(SolutionConfigurationPlatforms) = preSolution
		Debug|Any CPU = Debug|Any CPU
		Release|Any CPU = Release|Any CPU
	EndGlobalSection
	GlobalSection(ProjectConfigurationPlatforms) = postSolution
		{D1E2FF68-21C4-44FE-8286-7C4FA65275E4}.Debug|Any CPU.ActiveCfg = Debug|Any CPU
		{D1E2FF68-21C4-44FE-8286-7C4FA65275E4}.Debug|Any CPU.Build.0 = Debug|Any CPU
		{D1E2FF68-21C4-44FE-8286-7C4FA65275E4}.Release|Any CPU.ActiveCfg = Release|Any CPU
		{D1E2FF68-21C4-44FE-8286-7C4FA65275E4}.Release|Any CPU.Build.0 = Release|Any CPU
	EndGlobalSection
	GlobalSection(SolutionProperties) = preSolution
		HideSolutionNode = FALSE
	EndGlobalSection
	GlobalSection(ExtensibilityGlobals) = postSolution
		SolutionGuid = {DED0966E-EE5C-4715-857D-2FD126AD72B5}
	EndGlobalSection
EndGlobal
